
Microsoft Visual Studio Solution File, Format Version 12.00
# Visual Studio 15
VisualStudioVersion = 15.0.27428.2027
MinimumVisualStudioVersion = 10.0.40219.1
Project("{2150E333-8FDC-42A3-9474-1A3956D46DE8}") = "Solution Items", "Solution Items", "{1DD885D8-2304-4994-B2C8-0D56DC98CD06}"
	ProjectSection(SolutionItems) = preProject
		calculate.ico = calculate.ico
		HTMLPage1.html = HTMLPage1.html
		window.png = window.png
	EndProjectSection
EndProject
Global
	GlobalSection(SolutionProperties) = preSolution
		HideSolutionNode = FALSE
	EndGlobalSection
	GlobalSection(ExtensibilityGlobals) = postSolution
		SolutionGuid = {EE0BC415-C3CE-48BE-AD5C-6216D824876A}
	EndGlobalSection
EndGlobal
